
Microsoft Visual Studio Solution File, Format Version 12.00
# Visual Studio Version 16
VisualStudioVersion = 16.0.30330.147
MinimumVisualStudioVersion = 10.0.40219.1
Project("{FAE04EC0-301F-11D3-BF4B-00C04F79EFBC}") = "MailClientFunction", "MailClientFunction\MailClientFunction.csproj", "{C331D2BF-A887-4FA6-8E32-8FEB6096D09C}"
EndProject
Global
	GlobalSection(SolutionConfigurationPlatforms) = preSolution
		Debug|Any CPU = Debug|Any CPU
		Release|Any CPU = Release|Any CPU
	EndGlobalSection
	GlobalSection(ProjectConfigurationPlatforms) = postSolution
		{C331D2BF-A887-4FA6-8E32-8FEB6096D09C}.Debug|Any CPU.ActiveCfg = Debug|Any CPU
		{C331D2BF-A887-4FA6-8E32-8FEB6096D09C}.Debug|Any CPU.Build.0 = Debug|Any CPU
		{C331D2BF-A887-4FA6-8E32-8FEB6096D09C}.Release|Any CPU.ActiveCfg = Release|Any CPU
		{C331D2BF-A887-4FA6-8E32-8FEB6096D09C}.Release|Any CPU.Build.0 = Release|Any CPU
	EndGlobalSection
	GlobalSection(SolutionProperties) = preSolution
		HideSolutionNode = FALSE
	EndGlobalSection
	GlobalSection(ExtensibilityGlobals) = postSolution
		SolutionGuid = {4CC22D8A-70FD-433D-8018-D53029295161}
	EndGlobalSection
EndGlobal
