
Microsoft Visual Studio Solution File, Format Version 12.00
# Visual Studio Version 16
VisualStudioVersion = 16.0.30907.101
MinimumVisualStudioVersion = 10.0.40219.1
Project("{FAE04EC0-301F-11D3-BF4B-00C04F79EFBC}") = "MainService", "MyDrive\MainService.csproj", "{EDD32082-3548-4649-8259-F398BC666BB6}"
EndProject
Project("{FAE04EC0-301F-11D3-BF4B-00C04F79EFBC}") = "HashWorker", "HashWorker\HashWorker.csproj", "{7882E1F6-C98F-4249-9760-F641D77B8C1E}"
EndProject
Project("{FAE04EC0-301F-11D3-BF4B-00C04F79EFBC}") = "AzureWorker", "AzureWorker\AzureWorker.csproj", "{AEFDFEC2-7E97-48F4-95EA-D701AB10142C}"
EndProject
Global
	GlobalSection(SolutionConfigurationPlatforms) = preSolution
		Debug|Any CPU = Debug|Any CPU
		Release|Any CPU = Release|Any CPU
	EndGlobalSection
	GlobalSection(ProjectConfigurationPlatforms) = postSolution
		{EDD32082-3548-4649-8259-F398BC666BB6}.Debug|Any CPU.ActiveCfg = Debug|Any CPU
		{EDD32082-3548-4649-8259-F398BC666BB6}.Debug|Any CPU.Build.0 = Debug|Any CPU
		{EDD32082-3548-4649-8259-F398BC666BB6}.Release|Any CPU.ActiveCfg = Release|Any CPU
		{EDD32082-3548-4649-8259-F398BC666BB6}.Release|Any CPU.Build.0 = Release|Any CPU
		{7882E1F6-C98F-4249-9760-F641D77B8C1E}.Debug|Any CPU.ActiveCfg = Debug|Any CPU
		{7882E1F6-C98F-4249-9760-F641D77B8C1E}.Debug|Any CPU.Build.0 = Debug|Any CPU
		{7882E1F6-C98F-4249-9760-F641D77B8C1E}.Release|Any CPU.ActiveCfg = Release|Any CPU
		{7882E1F6-C98F-4249-9760-F641D77B8C1E}.Release|Any CPU.Build.0 = Release|Any CPU
		{AEFDFEC2-7E97-48F4-95EA-D701AB10142C}.Debug|Any CPU.ActiveCfg = Debug|Any CPU
		{AEFDFEC2-7E97-48F4-95EA-D701AB10142C}.Debug|Any CPU.Build.0 = Debug|Any CPU
		{AEFDFEC2-7E97-48F4-95EA-D701AB10142C}.Release|Any CPU.ActiveCfg = Release|Any CPU
		{AEFDFEC2-7E97-48F4-95EA-D701AB10142C}.Release|Any CPU.Build.0 = Release|Any CPU
	EndGlobalSection
	GlobalSection(SolutionProperties) = preSolution
		HideSolutionNode = FALSE
	EndGlobalSection
	GlobalSection(ExtensibilityGlobals) = postSolution
		SolutionGuid = {35B1BCDC-4304-4A2A-8355-1F20B2490F84}
	EndGlobalSection
EndGlobal
