
Microsoft Visual Studio Solution File, Format Version 12.00
# Visual Studio Version 16
VisualStudioVersion = 16.0.30907.101
MinimumVisualStudioVersion = 10.0.40219.1
Project("{9A19103F-16F7-4668-BE54-9A1E7A4F7556}") = "MainService", "MyDrive\MainService.csproj", "{EDD32082-3548-4649-8259-F398BC666BB6}"
EndProject
Global
	GlobalSection(SolutionConfigurationPlatforms) = preSolution
		Debug|Any CPU = Debug|Any CPU
		Release|Any CPU = Release|Any CPU
	EndGlobalSection
	GlobalSection(ProjectConfigurationPlatforms) = postSolution
		{EDD32082-3548-4649-8259-F398BC666BB6}.Debug|Any CPU.ActiveCfg = Debug|Any CPU
		{EDD32082-3548-4649-8259-F398BC666BB6}.Debug|Any CPU.Build.0 = Debug|Any CPU
		{EDD32082-3548-4649-8259-F398BC666BB6}.Release|Any CPU.ActiveCfg = Release|Any CPU
		{EDD32082-3548-4649-8259-F398BC666BB6}.Release|Any CPU.Build.0 = Release|Any CPU
	EndGlobalSection
	GlobalSection(SolutionProperties) = preSolution
		HideSolutionNode = FALSE
	EndGlobalSection
	GlobalSection(ExtensibilityGlobals) = postSolution
		SolutionGuid = {35B1BCDC-4304-4A2A-8355-1F20B2490F84}
	EndGlobalSection
EndGlobal
